////R2202
//Lab2
//2/25/22
//CIS-199-02
//This program calculates the if students gets accepted or rejected.
using System;
using System.Collections.Generic;
using System.ComponentModel;
using System.Data;
using System.Drawing;
using System.Linq;
using System.Text;
using System.Threading.Tasks;
using System.Windows.Forms;

namespace Lab_4
{
    public partial class Lab : Form
    {

        int acceptName; //declaring Variables
        int rejectName;

        public Lab()
        {
            InitializeComponent();
            
        }

        private void label1_Click(object sender, EventArgs e)
        {

        }

        private void textBox1_TextChanged(object sender, EventArgs e)
        {

        }

        private void calculate_Click(object sender, EventArgs e)
        {
            float gradePoint, testScore; //delaring Variables
            //If the statement is true or false.

            bool GradePtAvg = Single.TryParse(this.number.Text, out gradePoint);
            bool Test = Single.TryParse(this.scoretest.Text, out testScore);
            
            if (GradePtAvg && Test)
            {
                if (gradePoint >= 0.0 && gradePoint <= 4.0 && testScore >= 0 && testScore <= 100)
                {
                    if ((gradePoint >= 3.0 && testScore >= 60) || (gradePoint < 3.0 && testScore >= 80))
                    {
                        acceptName = acceptName + 1;
                        this.acceptnumber.Text = acceptName.ToString();
                        MessageBox.Show("Accepted", "Status");

                    }
                    else
                    {
                        rejectName = rejectName + 1;
                        this.rejectnumber.Text = rejectName.ToString();
                        MessageBox.Show("Rejected", "Status");
                    }
                }

            }

        }

        private void rejectnumber_Click(object sender, EventArgs e)
        {

        }

        private void Lab_Load(object sender, EventArgs e)
        {

        }
    }
}
