//Grade ID: R2202
//2/10/2022
//Lab3
//CIS199-2
//This program calculates Diameter, Surfacearea and Volume, if you enter number in Radius of sphere.

using System;
using System.Collections.Generic;
using System.ComponentModel;
using System.Data;
using System.Drawing;
using System.Linq;
using System.Text;
using System.Threading.Tasks;
using System.Windows.Forms;

namespace Lab3
{
    public partial class Form1 : Form
    {
        public Form1()
        {
            InitializeComponent();
        }

        private void Form1_Load(object sender, EventArgs e)
        {

        }

        private void label1_Click(object sender, EventArgs e)
        {

        }

        private void label6_Click(object sender, EventArgs e)
        {

        }

        private void calbutton_Click(object sender, EventArgs e)
        {
            double Radius; //Given Name
            double Diameter; 
            double Area;
            double Volume;

            Radius = double.Parse(radiusnumber.Text);
            Diameter = 2* Radius; //Calculate Diameter
            Area = 4 * Math.PI * Radius * Radius; //Calculate Surface area
            Volume = (4 * Math.PI * Radius * Radius * Radius/3); //Calculate Volume

            Dlabel.Text = $"{Diameter}";
            Slabel.Text = $"{Area}";
            Vlabel.Text = $"{Volume}";

            Dlabel.Text = Diameter.ToString("0.00"); //two decimal places for Diameter
            Slabel.Text = Area.ToString("0.00"); //two decimal places for surface area
            Vlabel.Text = Volume.ToString("0.00"); //two decimal places Volume
        }
    }
}
