using System;
using System.Collections.Generic;
using System.ComponentModel;
using System.Data;
using System.Drawing;
using System.Linq;
using System.Text;
using System.Threading.Tasks;
using System.Windows.Forms;

namespace Program_3
{
    public partial class Program3 : Form
    {
        public Program3()
        {
            InitializeComponent();
            
        }

        private void Form1_Load(object sender, EventArgs e)
        {

        }

        private void button1_Click(object sender, EventArgs e)
        {
           // array
            string[] gardens = { "Premium", "Standard", "Discount" };
            double[] flowers = { 10001, 10002, 10003, 10004, 10005, 10006, 10007 };
            double[] cost = { 7.87, 9.51, 10.73, 9.99, 11.99, 5, 4.58 };
            double flowerinput, quantities;
            string gardeninput = comboBox1.Text;
            double.TryParse(entreetxt.Text, out flowerinput);
            double.TryParse(quantitytxt.Text, out quantities);
            double flowercosts = 0, baseadjusted = 0, discount = 0, total = 0;

            for (int i = 0; i <= flowers.Length; i++)
            {
                if (flowerinput == flowers[i])
                {
                    flowercosts = cost[i];
                    break; 
                }
            }

            flowercosts = flowercosts * quantities;

            if (gardeninput == gardens[0].ToString())
            {
                baseadjusted = flowercosts + (10 * flowercosts) / 100;
            }
            else if (gardeninput.Equals(gardens[2].ToString()))
            {
                baseadjusted = flowercosts - (10 * flowercosts) / 100;
            }
            else
            { 
                baseadjusted = flowercosts;
            }

            if (quantities >= 6 && quantities <= 15)
            {
                discount = 5;
            }
            else if (quantities >= 16 && quantities <= 20)
            {
                discount = 10;
            }
            else if (quantities > 20)
            {

                discount = 15;
            }

            total = baseadjusted - (baseadjusted * discount) / 100; 

            flowertxt.Text = $"{flowercosts:C}"; 
            basetxt.Text = $"{baseadjusted:C}";
            discounttxt.Text = $"{discount:F2}%";
            totaltxt.Text = $"{total:C}";

        }
    }
}
