//Grade ID: R2202
//3/11/2022
//Program2
//CIS199-2
using System;
using System.Collections.Generic;
using System.ComponentModel;
using System.Data;
using System.Drawing;
using System.Linq;
using System.Text;
using System.Threading.Tasks;
using System.Windows.Forms;

namespace Program_2
{
    public partial class Form1 : Form
    {
        public Form1()
        {
            InitializeComponent();
        }

        private void calbutton_Click(object sender, EventArgs e)
        {
            //declaring variables and intgers
            double nightcounttotal = 0;
            double costtotal = 0;
            double starfactor = 0;
            double guestcountfee = 0;

            if(int.TryParse(textstars.Text, out int Star))
            if (int.TryParse(guesttext.Text, out int guestnum) && guestnum >= 1 && guestnum <= 7)
            {
                if (int.TryParse(nighttext.Text, out int nightnum))
                {
                    if (guestnum == 1)
                        guestcountfee = 100;
                    if (guestnum == 2)
                        guestcountfee = 150;
                    if (guestnum == 3)
                        guestcountfee = 250;
                    if (guestnum >= 4 && guestnum <= 7)
                        guestcountfee = 400;

                    if (nightnum >= 1 && nightnum <= 6)
                        nightcounttotal = 100;
                    if (nightnum >= 7 && nightnum <= 30)
                        nightcounttotal = 75;
                    if (nightnum > 31)
                        nightcounttotal = 25 ;


                    if (Star == 1)
                        starfactor = 1;
                    if (Star == 2)
                        starfactor = 1.5;
                    if (Star == 3)
                        starfactor = 2.5;
                    if (Star == 4)
                        starfactor = 3;
                    if (Star == 5)
                        starfactor = 4;

                    costtotal = (guestcountfee + nightcounttotal*nightnum) * starfactor;
                    costlabel.Text = $"{costtotal:C}";
                }
                else
                    MessageBox.Show("");
            }
            else
                MessageBox.Show("");
        }
    }
}
