using System;
using System.Collections.Generic;
using System.Linq;
using System.Text;
using System.Threading.Tasks;
using static System.Console;

namespace Lab_1
{
    internal class Program
    {
        static void Main(string[] args)
        {
            WriteLine("Grading ID:      R2202");
            WriteLine("Hobbies:         Watching anime");
            WriteLine("Favorite Book:   One Piece");
            WriteLine("Favorite Movie:  Puspa");
        }
    }
}

