////R2202
//Lab2
//2/6/22
//CIS-199-02
//This program calculates the Tip given to servers or restturent you eat at.
using System;
using System.Collections.Generic;
using System.ComponentModel;
using System.Data;
using System.Drawing;
using System.Linq;
using System.Text;
using System.Threading.Tasks;
using System.Windows.Forms;

namespace Lab_2
{
    public partial class Form1 : Form
    {
        private object firstNumtxt;
        private object outputTip1;

        public Form1()
        {
            InitializeComponent();
        }

        private void label2_Click(object sender, EventArgs e)
        {

        }

        private void Form1_Load(object sender, EventArgs e)
        {
          
        }

        private void button1_Click(object sender, EventArgs e)
        {
            double mealprice;
            double Tip1;
            double Tip2;
            double Tip3;

            double perc1 = 0.15;
            double perc2 = 0.18;
            double perc3 = 0.20;

            mealprice = double.Parse(Mealprice.Text);

            Tip1 = mealprice * 0.15;
            Tip2 = mealprice * 0.18;
            Tip3 = mealprice * 0.20;

            tip1.Text = $"{Tip1:C}";
            tip2.Text = $"{Tip2:C}";
            tip3.Text = $"{Tip3:C}";


        }
    }
}

