
Microsoft Visual Studio Solution File, Format Version 12.00
# Visual Studio Version 17
VisualStudioVersion = 17.0.32126.317
MinimumVisualStudioVersion = 10.0.40219.1
Project("{FAE04EC0-301F-11D3-BF4B-00C04F79EFBC}") = "Lab 6", "Lab 6\Lab 6.csproj", "{C83E3720-EE35-422B-8284-C97C11DA9551}"
EndProject
Global
	GlobalSection(SolutionConfigurationPlatforms) = preSolution
		Debug|Any CPU = Debug|Any CPU
		Release|Any CPU = Release|Any CPU
	EndGlobalSection
	GlobalSection(ProjectConfigurationPlatforms) = postSolution
		{C83E3720-EE35-422B-8284-C97C11DA9551}.Debug|Any CPU.ActiveCfg = Debug|Any CPU
		{C83E3720-EE35-422B-8284-C97C11DA9551}.Debug|Any CPU.Build.0 = Debug|Any CPU
		{C83E3720-EE35-422B-8284-C97C11DA9551}.Release|Any CPU.ActiveCfg = Release|Any CPU
		{C83E3720-EE35-422B-8284-C97C11DA9551}.Release|Any CPU.Build.0 = Release|Any CPU
	EndGlobalSection
	GlobalSection(SolutionProperties) = preSolution
		HideSolutionNode = FALSE
	EndGlobalSection
	GlobalSection(ExtensibilityGlobals) = postSolution
		SolutionGuid = {91FC07CA-4091-4D76-A3AF-447CA18C425C}
	EndGlobalSection
EndGlobal
