//Grade ID: R2202
//3/13/2022
//Lab6
//CIS199-2
using System;
using System.Collections.Generic;
using System.Linq;
using System.Text;
using System.Threading.Tasks;

namespace Lab_6
{
    internal class Program
    {
        static void Main(string[] args)
        {
            //pattern a
            const int MAX_ROWS = 10;
            Console.WriteLine("Pattern A");
            for (int i = 1; i <= MAX_ROWS; i++)
            {
                for (int star = 1; star <= i; star++)
                {
                    Console.Write("*");
                }
                Console.WriteLine();
            }
            //pattern b
            Console.WriteLine("Pattern B");
            for (int i = MAX_ROWS; i >= 1; i--)
            {
                for (int star = 1; star <= i; star++)
                {
                    Console.Write("*");
                }
                Console.WriteLine();
            }
            //pattern c
            Console.WriteLine("Pattern C");
            for (int i = 1; i <= MAX_ROWS; i++)
            {
                for (int space = i; space > 1; space--)
                {
                    Console.Write(" ");
                }
                for (int star = MAX_ROWS; star > i; star--)
                {
                    Console.Write("*");
                }
                Console.WriteLine();
            }
            //pattern d
            Console.WriteLine("Pattern D");
            for (int i = 1; i <= MAX_ROWS; i++)
            {
                for (int space = MAX_ROWS - 1; space >= i; space--)
                {
                    Console.Write(" ");
                }
                for (int star = 1; star <= i; star++)
                {
                    Console.Write("*");
                }
                Console.WriteLine();
            }

            Console.ReadLine();
        }
    }
}
