
Microsoft Visual Studio Solution File, Format Version 12.00
# Visual Studio Version 17
VisualStudioVersion = 17.0.32126.317
MinimumVisualStudioVersion = 10.0.40219.1
Project("{FAE04EC0-301F-11D3-BF4B-00C04F79EFBC}") = "Lab-5", "Lab-5\Lab-5.csproj", "{631F633A-5DF4-498F-A009-FA266B2D5811}"
EndProject
Global
	GlobalSection(SolutionConfigurationPlatforms) = preSolution
		Debug|Any CPU = Debug|Any CPU
		Release|Any CPU = Release|Any CPU
	EndGlobalSection
	GlobalSection(ProjectConfigurationPlatforms) = postSolution
		{631F633A-5DF4-498F-A009-FA266B2D5811}.Debug|Any CPU.ActiveCfg = Debug|Any CPU
		{631F633A-5DF4-498F-A009-FA266B2D5811}.Debug|Any CPU.Build.0 = Debug|Any CPU
		{631F633A-5DF4-498F-A009-FA266B2D5811}.Release|Any CPU.ActiveCfg = Release|Any CPU
		{631F633A-5DF4-498F-A009-FA266B2D5811}.Release|Any CPU.Build.0 = Release|Any CPU
	EndGlobalSection
	GlobalSection(SolutionProperties) = preSolution
		HideSolutionNode = FALSE
	EndGlobalSection
	GlobalSection(ExtensibilityGlobals) = postSolution
		SolutionGuid = {37DD3AC4-5FBC-4D35-808E-5BD1D8157271}
	EndGlobalSection
EndGlobal
