//Grade ID: R2202
//3/4/2022
//Lab3
//CIS199-2
using System;
using System.Collections.Generic;
using System.Linq;
using System.Text;
using System.Threading.Tasks;
using static System.Console;

namespace Lab_5
{
    internal class Program
    {
        static void Main(string[] args)
        {
            int count = 0;
            double sum = 0;
            double entry = 0;

            WriteLine("Enter 999 to stop");
            while (entry != 999)
            {
                Write("Temp {0}:", count);
                entry = double.Parse(ReadLine());
                if (entry >= -20 && entry <= 130)
                {
                    count++;
                    sum += entry;
                }

                else if (entry == 999)
                {
                    WriteLine("Valid temperatures range from - 20 to 130.Please reenter temperature.");
                }
            }
            WriteLine("Count:{0}", count);
            WriteLine("Avg  :{0}", sum / count);
            Console.ReadLine();

        }
    }
}
