//R2202
// 4/7/2022
using System;
using System.Collections.Generic;
using System.Linq;
using System.Text;
using System.Threading.Tasks;

namespace lab7
{
    public class Pattern
    {
        public static void Main(string[] args)
        {
            // declaring variable
            int x;
            bool flag = false;
            do
            {
                Console.WriteLine("Enter Number of Stars : ");
                flag = int.TryParse(Console.ReadLine(), out x) && x > 0;
                ShowSquareOfStars(x);
            } while (!flag);
        }

        public static void ShowSquareOfStars(int numStars)
        {
            for (int i = 1; i <= numStars; i++)
            {
                for (int j = 1; j <= numStars; j++)
                    Console.Write("*"); 
                Console.Write("\n");
            }
        }
    }
}
